
Microsoft Visual Studio Solution File, Format Version 12.00
# Visual Studio 14
VisualStudioVersion = 14.0.25420.1
MinimumVisualStudioVersion = 10.0.40219.1
Project("{FAE04EC0-301F-11D3-BF4B-00C04F79EFBC}") = "Shed", "Shed\Shed\Shed.csproj", "{4B2E911C-DC42-4F88-8CF1-DB628EDBCC57}"
EndProject
Project("{FAE04EC0-301F-11D3-BF4B-00C04F79EFBC}") = "Shed.Droid", "Shed\Shed.Droid\Shed.Droid.csproj", "{6A5140AE-0278-4DD1-B9B4-AA130693FD01}"
EndProject
Project("{FAE04EC0-301F-11D3-BF4B-00C04F79EFBC}") = "Shed.iOS", "Shed\Shed.iOS\Shed.iOS.csproj", "{0ADC341E-7B53-4987-8471-6E933A1DE8A0}"
EndProject
Global
	GlobalSection(SolutionConfigurationPlatforms) = preSolution
		Ad-Hoc|Any CPU = Ad-Hoc|Any CPU
		Ad-Hoc|ARM = Ad-Hoc|ARM
		Ad-Hoc|iPhone = Ad-Hoc|iPhone
		Ad-Hoc|iPhoneSimulator = Ad-Hoc|iPhoneSimulator
		Ad-Hoc|x64 = Ad-Hoc|x64
		Ad-Hoc|x86 = Ad-Hoc|x86
		AppStore|Any CPU = AppStore|Any CPU
		AppStore|ARM = AppStore|ARM
		AppStore|iPhone = AppStore|iPhone
		AppStore|iPhoneSimulator = AppStore|iPhoneSimulator
		AppStore|x64 = AppStore|x64
		AppStore|x86 = AppStore|x86
		Debug|Any CPU = Debug|Any CPU
		Debug|ARM = Debug|ARM
		Debug|iPhone = Debug|iPhone
		Debug|iPhoneSimulator = Debug|iPhoneSimulator
		Debug|x64 = Debug|x64
		Debug|x86 = Debug|x86
		Release|Any CPU = Release|Any CPU
		Release|ARM = Release|ARM
		Release|iPhone = Release|iPhone
		Release|iPhoneSimulator = Release|iPhoneSimulator
		Release|x64 = Release|x64
		Release|x86 = Release|x86
	EndGlobalSection
	GlobalSection(ProjectConfigurationPlatforms) = postSolution
		{4B2E911C-DC42-4F88-8CF1-DB628EDBCC57}.Ad-Hoc|Any CPU.ActiveCfg = Release|Any CPU
		{4B2E911C-DC42-4F88-8CF1-DB628EDBCC57}.Ad-Hoc|Any CPU.Build.0 = Release|Any CPU
		{4B2E911C-DC42-4F88-8CF1-DB628EDBCC57}.Ad-Hoc|ARM.ActiveCfg = Release|Any CPU
		{4B2E911C-DC42-4F88-8CF1-DB628EDBCC57}.Ad-Hoc|ARM.Build.0 = Release|Any CPU
		{4B2E911C-DC42-4F88-8CF1-DB628EDBCC57}.Ad-Hoc|iPhone.ActiveCfg = Release|Any CPU
		{4B2E911C-DC42-4F88-8CF1-DB628EDBCC57}.Ad-Hoc|iPhone.Build.0 = Release|Any CPU
		{4B2E911C-DC42-4F88-8CF1-DB628EDBCC57}.Ad-Hoc|iPhoneSimulator.ActiveCfg = Release|Any CPU
		{4B2E911C-DC42-4F88-8CF1-DB628EDBCC57}.Ad-Hoc|iPhoneSimulator.Build.0 = Release|Any CPU
		{4B2E911C-DC42-4F88-8CF1-DB628EDBCC57}.Ad-Hoc|x64.ActiveCfg = Release|Any CPU
		{4B2E911C-DC42-4F88-8CF1-DB628EDBCC57}.Ad-Hoc|x64.Build.0 = Release|Any CPU
		{4B2E911C-DC42-4F88-8CF1-DB628EDBCC57}.Ad-Hoc|x86.ActiveCfg = Release|Any CPU
		{4B2E911C-DC42-4F88-8CF1-DB628EDBCC57}.Ad-Hoc|x86.Build.0 = Release|Any CPU
		{4B2E911C-DC42-4F88-8CF1-DB628EDBCC57}.AppStore|Any CPU.ActiveCfg = Release|Any CPU
		{4B2E911C-DC42-4F88-8CF1-DB628EDBCC57}.AppStore|Any CPU.Build.0 = Release|Any CPU
		{4B2E911C-DC42-4F88-8CF1-DB628EDBCC57}.AppStore|ARM.ActiveCfg = Release|Any CPU
		{4B2E911C-DC42-4F88-8CF1-DB628EDBCC57}.AppStore|ARM.Build.0 = Release|Any CPU
		{4B2E911C-DC42-4F88-8CF1-DB628EDBCC57}.AppStore|iPhone.ActiveCfg = Release|Any CPU
		{4B2E911C-DC42-4F88-8CF1-DB628EDBCC57}.AppStore|iPhone.Build.0 = Release|Any CPU
		{4B2E911C-DC42-4F88-8CF1-DB628EDBCC57}.AppStore|iPhoneSimulator.ActiveCfg = Release|Any CPU
		{4B2E911C-DC42-4F88-8CF1-DB628EDBCC57}.AppStore|iPhoneSimulator.Build.0 = Release|Any CPU
		{4B2E911C-DC42-4F88-8CF1-DB628EDBCC57}.AppStore|x64.ActiveCfg = Release|Any CPU
		{4B2E911C-DC42-4F88-8CF1-DB628EDBCC57}.AppStore|x64.Build.0 = Release|Any CPU
		{4B2E911C-DC42-4F88-8CF1-DB628EDBCC57}.AppStore|x86.ActiveCfg = Release|Any CPU
		{4B2E911C-DC42-4F88-8CF1-DB628EDBCC57}.AppStore|x86.Build.0 = Release|Any CPU
		{4B2E911C-DC42-4F88-8CF1-DB628EDBCC57}.Debug|Any CPU.ActiveCfg = Debug|Any CPU
		{4B2E911C-DC42-4F88-8CF1-DB628EDBCC57}.Debug|Any CPU.Build.0 = Debug|Any CPU
		{4B2E911C-DC42-4F88-8CF1-DB628EDBCC57}.Debug|ARM.ActiveCfg = Debug|Any CPU
		{4B2E911C-DC42-4F88-8CF1-DB628EDBCC57}.Debug|ARM.Build.0 = Debug|Any CPU
		{4B2E911C-DC42-4F88-8CF1-DB628EDBCC57}.Debug|iPhone.ActiveCfg = Debug|Any CPU
		{4B2E911C-DC42-4F88-8CF1-DB628EDBCC57}.Debug|iPhone.Build.0 = Debug|Any CPU
		{4B2E911C-DC42-4F88-8CF1-DB628EDBCC57}.Debug|iPhoneSimulator.ActiveCfg = Debug|Any CPU
		{4B2E911C-DC42-4F88-8CF1-DB628EDBCC57}.Debug|iPhoneSimulator.Build.0 = Debug|Any CPU
		{4B2E911C-DC42-4F88-8CF1-DB628EDBCC57}.Debug|x64.ActiveCfg = Debug|Any CPU
		{4B2E911C-DC42-4F88-8CF1-DB628EDBCC57}.Debug|x64.Build.0 = Debug|Any CPU
		{4B2E911C-DC42-4F88-8CF1-DB628EDBCC57}.Debug|x86.ActiveCfg = Debug|Any CPU
		{4B2E911C-DC42-4F88-8CF1-DB628EDBCC57}.Debug|x86.Build.0 = Debug|Any CPU
		{4B2E911C-DC42-4F88-8CF1-DB628EDBCC57}.Release|Any CPU.ActiveCfg = Release|Any CPU
		{4B2E911C-DC42-4F88-8CF1-DB628EDBCC57}.Release|Any CPU.Build.0 = Release|Any CPU
		{4B2E911C-DC42-4F88-8CF1-DB628EDBCC57}.Release|ARM.ActiveCfg = Release|Any CPU
		{4B2E911C-DC42-4F88-8CF1-DB628EDBCC57}.Release|ARM.Build.0 = Release|Any CPU
		{4B2E911C-DC42-4F88-8CF1-DB628EDBCC57}.Release|iPhone.ActiveCfg = Release|Any CPU
		{4B2E911C-DC42-4F88-8CF1-DB628EDBCC57}.Release|iPhone.Build.0 = Release|Any CPU
		{4B2E911C-DC42-4F88-8CF1-DB628EDBCC57}.Release|iPhoneSimulator.ActiveCfg = Release|Any CPU
		{4B2E911C-DC42-4F88-8CF1-DB628EDBCC57}.Release|iPhoneSimulator.Build.0 = Release|Any CPU
		{4B2E911C-DC42-4F88-8CF1-DB628EDBCC57}.Release|x64.ActiveCfg = Release|Any CPU
		{4B2E911C-DC42-4F88-8CF1-DB628EDBCC57}.Release|x64.Build.0 = Release|Any CPU
		{4B2E911C-DC42-4F88-8CF1-DB628EDBCC57}.Release|x86.ActiveCfg = Release|Any CPU
		{4B2E911C-DC42-4F88-8CF1-DB628EDBCC57}.Release|x86.Build.0 = Release|Any CPU
		{6A5140AE-0278-4DD1-B9B4-AA130693FD01}.Ad-Hoc|Any CPU.ActiveCfg = Release|Any CPU
		{6A5140AE-0278-4DD1-B9B4-AA130693FD01}.Ad-Hoc|Any CPU.Build.0 = Release|Any CPU
		{6A5140AE-0278-4DD1-B9B4-AA130693FD01}.Ad-Hoc|Any CPU.Deploy.0 = Release|Any CPU
		{6A5140AE-0278-4DD1-B9B4-AA130693FD01}.Ad-Hoc|ARM.ActiveCfg = Release|Any CPU
		{6A5140AE-0278-4DD1-B9B4-AA130693FD01}.Ad-Hoc|ARM.Build.0 = Release|Any CPU
		{6A5140AE-0278-4DD1-B9B4-AA130693FD01}.Ad-Hoc|ARM.Deploy.0 = Release|Any CPU
		{6A5140AE-0278-4DD1-B9B4-AA130693FD01}.Ad-Hoc|iPhone.ActiveCfg = Release|Any CPU
		{6A5140AE-0278-4DD1-B9B4-AA130693FD01}.Ad-Hoc|iPhone.Build.0 = Release|Any CPU
		{6A5140AE-0278-4DD1-B9B4-AA130693FD01}.Ad-Hoc|iPhone.Deploy.0 = Release|Any CPU
		{6A5140AE-0278-4DD1-B9B4-AA130693FD01}.Ad-Hoc|iPhoneSimulator.ActiveCfg = Release|Any CPU
		{6A5140AE-0278-4DD1-B9B4-AA130693FD01}.Ad-Hoc|iPhoneSimulator.Build.0 = Release|Any CPU
		{6A5140AE-0278-4DD1-B9B4-AA130693FD01}.Ad-Hoc|iPhoneSimulator.Deploy.0 = Release|Any CPU
		{6A5140AE-0278-4DD1-B9B4-AA130693FD01}.Ad-Hoc|x64.ActiveCfg = Release|Any CPU
		{6A5140AE-0278-4DD1-B9B4-AA130693FD01}.Ad-Hoc|x64.Build.0 = Release|Any CPU
		{6A5140AE-0278-4DD1-B9B4-AA130693FD01}.Ad-Hoc|x64.Deploy.0 = Release|Any CPU
		{6A5140AE-0278-4DD1-B9B4-AA130693FD01}.Ad-Hoc|x86.ActiveCfg = Release|Any CPU
		{6A5140AE-0278-4DD1-B9B4-AA130693FD01}.Ad-Hoc|x86.Build.0 = Release|Any CPU
		{6A5140AE-0278-4DD1-B9B4-AA130693FD01}.Ad-Hoc|x86.Deploy.0 = Release|Any CPU
		{6A5140AE-0278-4DD1-B9B4-AA130693FD01}.AppStore|Any CPU.ActiveCfg = Release|Any CPU
		{6A5140AE-0278-4DD1-B9B4-AA130693FD01}.AppStore|Any CPU.Build.0 = Release|Any CPU
		{6A5140AE-0278-4DD1-B9B4-AA130693FD01}.AppStore|Any CPU.Deploy.0 = Release|Any CPU
		{6A5140AE-0278-4DD1-B9B4-AA130693FD01}.AppStore|ARM.ActiveCfg = Release|Any CPU
		{6A5140AE-0278-4DD1-B9B4-AA130693FD01}.AppStore|ARM.Build.0 = Release|Any CPU
		{6A5140AE-0278-4DD1-B9B4-AA130693FD01}.AppStore|ARM.Deploy.0 = Release|Any CPU
		{6A5140AE-0278-4DD1-B9B4-AA130693FD01}.AppStore|iPhone.ActiveCfg = Release|Any CPU
		{6A5140AE-0278-4DD1-B9B4-AA130693FD01}.AppStore|iPhone.Build.0 = Release|Any CPU
		{6A5140AE-0278-4DD1-B9B4-AA130693FD01}.AppStore|iPhone.Deploy.0 = Release|Any CPU
		{6A5140AE-0278-4DD1-B9B4-AA130693FD01}.AppStore|iPhoneSimulator.ActiveCfg = Release|Any CPU
		{6A5140AE-0278-4DD1-B9B4-AA130693FD01}.AppStore|iPhoneSimulator.Build.0 = Release|Any CPU
		{6A5140AE-0278-4DD1-B9B4-AA130693FD01}.AppStore|iPhoneSimulator.Deploy.0 = Release|Any CPU
		{6A5140AE-0278-4DD1-B9B4-AA130693FD01}.AppStore|x64.ActiveCfg = Release|Any CPU
		{6A5140AE-0278-4DD1-B9B4-AA130693FD01}.AppStore|x64.Build.0 = Release|Any CPU
		{6A5140AE-0278-4DD1-B9B4-AA130693FD01}.AppStore|x64.Deploy.0 = Release|Any CPU
		{6A5140AE-0278-4DD1-B9B4-AA130693FD01}.AppStore|x86.ActiveCfg = Release|Any CPU
		{6A5140AE-0278-4DD1-B9B4-AA130693FD01}.AppStore|x86.Build.0 = Release|Any CPU
		{6A5140AE-0278-4DD1-B9B4-AA130693FD01}.AppStore|x86.Deploy.0 = Release|Any CPU
		{6A5140AE-0278-4DD1-B9B4-AA130693FD01}.Debug|Any CPU.ActiveCfg = Debug|Any CPU
		{6A5140AE-0278-4DD1-B9B4-AA130693FD01}.Debug|Any CPU.Build.0 = Debug|Any CPU
		{6A5140AE-0278-4DD1-B9B4-AA130693FD01}.Debug|Any CPU.Deploy.0 = Debug|Any CPU
		{6A5140AE-0278-4DD1-B9B4-AA130693FD01}.Debug|ARM.ActiveCfg = Debug|Any CPU
		{6A5140AE-0278-4DD1-B9B4-AA130693FD01}.Debug|ARM.Build.0 = Debug|Any CPU
		{6A5140AE-0278-4DD1-B9B4-AA130693FD01}.Debug|ARM.Deploy.0 = Debug|Any CPU
		{6A5140AE-0278-4DD1-B9B4-AA130693FD01}.Debug|iPhone.ActiveCfg = Debug|Any CPU
		{6A5140AE-0278-4DD1-B9B4-AA130693FD01}.Debug|iPhone.Build.0 = Debug|Any CPU
		{6A5140AE-0278-4DD1-B9B4-AA130693FD01}.Debug|iPhone.Deploy.0 = Debug|Any CPU
		{6A5140AE-0278-4DD1-B9B4-AA130693FD01}.Debug|iPhoneSimulator.ActiveCfg = Debug|Any CPU
		{6A5140AE-0278-4DD1-B9B4-AA130693FD01}.Debug|iPhoneSimulator.Build.0 = Debug|Any CPU
		{6A5140AE-0278-4DD1-B9B4-AA130693FD01}.Debug|iPhoneSimulator.Deploy.0 = Debug|Any CPU
		{6A5140AE-0278-4DD1-B9B4-AA130693FD01}.Debug|x64.ActiveCfg = Debug|Any CPU
		{6A5140AE-0278-4DD1-B9B4-AA130693FD01}.Debug|x64.Build.0 = Debug|Any CPU
		{6A5140AE-0278-4DD1-B9B4-AA130693FD01}.Debug|x64.Deploy.0 = Debug|Any CPU
		{6A5140AE-0278-4DD1-B9B4-AA130693FD01}.Debug|x86.ActiveCfg = Debug|Any CPU
		{6A5140AE-0278-4DD1-B9B4-AA130693FD01}.Debug|x86.Build.0 = Debug|Any CPU
		{6A5140AE-0278-4DD1-B9B4-AA130693FD01}.Debug|x86.Deploy.0 = Debug|Any CPU
		{6A5140AE-0278-4DD1-B9B4-AA130693FD01}.Release|Any CPU.ActiveCfg = Release|Any CPU
		{6A5140AE-0278-4DD1-B9B4-AA130693FD01}.Release|Any CPU.Build.0 = Release|Any CPU
		{6A5140AE-0278-4DD1-B9B4-AA130693FD01}.Release|Any CPU.Deploy.0 = Release|Any CPU
		{6A5140AE-0278-4DD1-B9B4-AA130693FD01}.Release|ARM.ActiveCfg = Release|Any CPU
		{6A5140AE-0278-4DD1-B9B4-AA130693FD01}.Release|ARM.Build.0 = Release|Any CPU
		{6A5140AE-0278-4DD1-B9B4-AA130693FD01}.Release|ARM.Deploy.0 = Release|Any CPU
		{6A5140AE-0278-4DD1-B9B4-AA130693FD01}.Release|iPhone.ActiveCfg = Release|Any CPU
		{6A5140AE-0278-4DD1-B9B4-AA130693FD01}.Release|iPhone.Build.0 = Release|Any CPU
		{6A5140AE-0278-4DD1-B9B4-AA130693FD01}.Release|iPhone.Deploy.0 = Release|Any CPU
		{6A5140AE-0278-4DD1-B9B4-AA130693FD01}.Release|iPhoneSimulator.ActiveCfg = Release|Any CPU
		{6A5140AE-0278-4DD1-B9B4-AA130693FD01}.Release|iPhoneSimulator.Build.0 = Release|Any CPU
		{6A5140AE-0278-4DD1-B9B4-AA130693FD01}.Release|iPhoneSimulator.Deploy.0 = Release|Any CPU
		{6A5140AE-0278-4DD1-B9B4-AA130693FD01}.Release|x64.ActiveCfg = Release|Any CPU
		{6A5140AE-0278-4DD1-B9B4-AA130693FD01}.Release|x64.Build.0 = Release|Any CPU
		{6A5140AE-0278-4DD1-B9B4-AA130693FD01}.Release|x64.Deploy.0 = Release|Any CPU
		{6A5140AE-0278-4DD1-B9B4-AA130693FD01}.Release|x86.ActiveCfg = Release|Any CPU
		{6A5140AE-0278-4DD1-B9B4-AA130693FD01}.Release|x86.Build.0 = Release|Any CPU
		{6A5140AE-0278-4DD1-B9B4-AA130693FD01}.Release|x86.Deploy.0 = Release|Any CPU
		{0ADC341E-7B53-4987-8471-6E933A1DE8A0}.Ad-Hoc|Any CPU.ActiveCfg = Ad-Hoc|iPhone
		{0ADC341E-7B53-4987-8471-6E933A1DE8A0}.Ad-Hoc|ARM.ActiveCfg = Ad-Hoc|iPhone
		{0ADC341E-7B53-4987-8471-6E933A1DE8A0}.Ad-Hoc|iPhone.ActiveCfg = Ad-Hoc|iPhone
		{0ADC341E-7B53-4987-8471-6E933A1DE8A0}.Ad-Hoc|iPhone.Build.0 = Ad-Hoc|iPhone
		{0ADC341E-7B53-4987-8471-6E933A1DE8A0}.Ad-Hoc|iPhoneSimulator.ActiveCfg = Ad-Hoc|iPhoneSimulator
		{0ADC341E-7B53-4987-8471-6E933A1DE8A0}.Ad-Hoc|iPhoneSimulator.Build.0 = Ad-Hoc|iPhoneSimulator
		{0ADC341E-7B53-4987-8471-6E933A1DE8A0}.Ad-Hoc|x64.ActiveCfg = Ad-Hoc|iPhone
		{0ADC341E-7B53-4987-8471-6E933A1DE8A0}.Ad-Hoc|x86.ActiveCfg = Ad-Hoc|iPhone
		{0ADC341E-7B53-4987-8471-6E933A1DE8A0}.AppStore|Any CPU.ActiveCfg = AppStore|iPhone
		{0ADC341E-7B53-4987-8471-6E933A1DE8A0}.AppStore|ARM.ActiveCfg = AppStore|iPhone
		{0ADC341E-7B53-4987-8471-6E933A1DE8A0}.AppStore|iPhone.ActiveCfg = AppStore|iPhone
		{0ADC341E-7B53-4987-8471-6E933A1DE8A0}.AppStore|iPhone.Build.0 = AppStore|iPhone
		{0ADC341E-7B53-4987-8471-6E933A1DE8A0}.AppStore|iPhoneSimulator.ActiveCfg = AppStore|iPhoneSimulator
		{0ADC341E-7B53-4987-8471-6E933A1DE8A0}.AppStore|iPhoneSimulator.Build.0 = AppStore|iPhoneSimulator
		{0ADC341E-7B53-4987-8471-6E933A1DE8A0}.AppStore|x64.ActiveCfg = AppStore|iPhone
		{0ADC341E-7B53-4987-8471-6E933A1DE8A0}.AppStore|x86.ActiveCfg = AppStore|iPhone
		{0ADC341E-7B53-4987-8471-6E933A1DE8A0}.Debug|Any CPU.ActiveCfg = Debug|iPhone
		{0ADC341E-7B53-4987-8471-6E933A1DE8A0}.Debug|ARM.ActiveCfg = Debug|iPhone
		{0ADC341E-7B53-4987-8471-6E933A1DE8A0}.Debug|iPhone.ActiveCfg = Debug|iPhone
		{0ADC341E-7B53-4987-8471-6E933A1DE8A0}.Debug|iPhone.Build.0 = Debug|iPhone
		{0ADC341E-7B53-4987-8471-6E933A1DE8A0}.Debug|iPhoneSimulator.ActiveCfg = Debug|iPhoneSimulator
		{0ADC341E-7B53-4987-8471-6E933A1DE8A0}.Debug|iPhoneSimulator.Build.0 = Debug|iPhoneSimulator
		{0ADC341E-7B53-4987-8471-6E933A1DE8A0}.Debug|x64.ActiveCfg = Debug|iPhone
		{0ADC341E-7B53-4987-8471-6E933A1DE8A0}.Debug|x86.ActiveCfg = Debug|iPhone
		{0ADC341E-7B53-4987-8471-6E933A1DE8A0}.Release|Any CPU.ActiveCfg = Release|iPhone
		{0ADC341E-7B53-4987-8471-6E933A1DE8A0}.Release|ARM.ActiveCfg = Release|iPhone
		{0ADC341E-7B53-4987-8471-6E933A1DE8A0}.Release|iPhone.ActiveCfg = Release|iPhone
		{0ADC341E-7B53-4987-8471-6E933A1DE8A0}.Release|iPhone.Build.0 = Release|iPhone
		{0ADC341E-7B53-4987-8471-6E933A1DE8A0}.Release|iPhoneSimulator.ActiveCfg = Release|iPhoneSimulator
		{0ADC341E-7B53-4987-8471-6E933A1DE8A0}.Release|iPhoneSimulator.Build.0 = Release|iPhoneSimulator
		{0ADC341E-7B53-4987-8471-6E933A1DE8A0}.Release|x64.ActiveCfg = Release|iPhone
		{0ADC341E-7B53-4987-8471-6E933A1DE8A0}.Release|x86.ActiveCfg = Release|iPhone
	EndGlobalSection
	GlobalSection(SolutionProperties) = preSolution
		HideSolutionNode = FALSE
	EndGlobalSection
EndGlobal
